
Microsoft Visual Studio Solution File, Format Version 12.00
# Visual Studio Version 17
Project("{2150E333-8FDC-42A3-9474-1A3956D46DE8}") = "CMakePredefinedTargets", "CMakePredefinedTargets", "{93AFC998-C793-3259-B58E-A05E4FA7AC22}"
EndProject
Project("{8BC9CEB8-8B4A-11D0-8D11-00A0C91BC942}") = "engine", "engine.vcxproj", "{025B0247-E6FC-39C9-B3AD-C3E79840C7E8}"
	ProjectSection(ProjectDependencies) = postProject
		{07B9B79E-5D39-34AC-AD19-F932C1E1ED4C} = {07B9B79E-5D39-34AC-AD19-F932C1E1ED4C}
	EndProjectSection
EndProject
Project("{8BC9CEB8-8B4A-11D0-8D11-00A0C91BC942}") = "ALL_BUILD", "ALL_BUILD.vcxproj", "{0D0343D5-EE2C-33A6-A1E8-8D79FA2A88C1}"
	ProjectSection(ProjectDependencies) = postProject
		{07B9B79E-5D39-34AC-AD19-F932C1E1ED4C} = {07B9B79E-5D39-34AC-AD19-F932C1E1ED4C}
		{025B0247-E6FC-39C9-B3AD-C3E79840C7E8} = {025B0247-E6FC-39C9-B3AD-C3E79840C7E8}
	EndProjectSection
EndProject
Project("{8BC9CEB8-8B4A-11D0-8D11-00A0C91BC942}") = "ZERO_CHECK", "ZERO_CHECK.vcxproj", "{07B9B79E-5D39-34AC-AD19-F932C1E1ED4C}"
	ProjectSection(ProjectDependencies) = postProject
	EndProjectSection
EndProject
Global
	GlobalSection(SolutionConfigurationPlatforms) = preSolution
		Debug|Win32 = Debug|Win32
		Release|Win32 = Release|Win32
		MinSizeRel|Win32 = MinSizeRel|Win32
		RelWithDebInfo|Win32 = RelWithDebInfo|Win32
	EndGlobalSection
	GlobalSection(ProjectConfigurationPlatforms) = postSolution
		{025B0247-E6FC-39C9-B3AD-C3E79840C7E8}.Debug|Win32.ActiveCfg = Debug|Win32
		{025B0247-E6FC-39C9-B3AD-C3E79840C7E8}.Debug|Win32.Build.0 = Debug|Win32
		{025B0247-E6FC-39C9-B3AD-C3E79840C7E8}.Release|Win32.ActiveCfg = Release|Win32
		{025B0247-E6FC-39C9-B3AD-C3E79840C7E8}.Release|Win32.Build.0 = Release|Win32
		{025B0247-E6FC-39C9-B3AD-C3E79840C7E8}.MinSizeRel|Win32.ActiveCfg = MinSizeRel|Win32
		{025B0247-E6FC-39C9-B3AD-C3E79840C7E8}.MinSizeRel|Win32.Build.0 = MinSizeRel|Win32
		{025B0247-E6FC-39C9-B3AD-C3E79840C7E8}.RelWithDebInfo|Win32.ActiveCfg = RelWithDebInfo|Win32
		{025B0247-E6FC-39C9-B3AD-C3E79840C7E8}.RelWithDebInfo|Win32.Build.0 = RelWithDebInfo|Win32
		{0D0343D5-EE2C-33A6-A1E8-8D79FA2A88C1}.Debug|Win32.ActiveCfg = Debug|Win32
		{0D0343D5-EE2C-33A6-A1E8-8D79FA2A88C1}.Release|Win32.ActiveCfg = Release|Win32
		{0D0343D5-EE2C-33A6-A1E8-8D79FA2A88C1}.MinSizeRel|Win32.ActiveCfg = MinSizeRel|Win32
		{0D0343D5-EE2C-33A6-A1E8-8D79FA2A88C1}.RelWithDebInfo|Win32.ActiveCfg = RelWithDebInfo|Win32
		{07B9B79E-5D39-34AC-AD19-F932C1E1ED4C}.Debug|Win32.ActiveCfg = Debug|Win32
		{07B9B79E-5D39-34AC-AD19-F932C1E1ED4C}.Debug|Win32.Build.0 = Debug|Win32
		{07B9B79E-5D39-34AC-AD19-F932C1E1ED4C}.Release|Win32.ActiveCfg = Release|Win32
		{07B9B79E-5D39-34AC-AD19-F932C1E1ED4C}.Release|Win32.Build.0 = Release|Win32
		{07B9B79E-5D39-34AC-AD19-F932C1E1ED4C}.MinSizeRel|Win32.ActiveCfg = MinSizeRel|Win32
		{07B9B79E-5D39-34AC-AD19-F932C1E1ED4C}.MinSizeRel|Win32.Build.0 = MinSizeRel|Win32
		{07B9B79E-5D39-34AC-AD19-F932C1E1ED4C}.RelWithDebInfo|Win32.ActiveCfg = RelWithDebInfo|Win32
		{07B9B79E-5D39-34AC-AD19-F932C1E1ED4C}.RelWithDebInfo|Win32.Build.0 = RelWithDebInfo|Win32
	EndGlobalSection
	GlobalSection(NestedProjects) = preSolution
		{0D0343D5-EE2C-33A6-A1E8-8D79FA2A88C1} = {93AFC998-C793-3259-B58E-A05E4FA7AC22}
		{07B9B79E-5D39-34AC-AD19-F932C1E1ED4C} = {93AFC998-C793-3259-B58E-A05E4FA7AC22}
	EndGlobalSection
	GlobalSection(ExtensibilityGlobals) = postSolution
		SolutionGuid = {A0631272-7973-3CC9-9F59-0F3CFE157A7A}
	EndGlobalSection
	GlobalSection(ExtensibilityAddIns) = postSolution
	EndGlobalSection
EndGlobal
